dependencies:
- name: kepler
  repository: https://sustainable-computing-io.github.io/kepler-helm-chart
  version: 0.6.1
- name: prometheus-node-exporter
  repository: https://prometheus-community.github.io/helm-charts
  version: 4.56.1
- name: prometheus-windows-exporter
  repository: https://prometheus-community.github.io/helm-charts
  version: 0.12.8
- name: kube-state-metrics
  repository: https://prometheus-community.github.io/helm-charts
  version: 8.1.0
- name: opencost
  repository: oci://ghcr.io/opencost/charts
  version: 2.5.28
- name: k8s-manifest-tail
  repository: https://grafana.github.io/helm-charts
  version: 0.1.5
- name: beyla
  repository: https://grafana.github.io/helm-charts
  version: 1.16.10
- name: k8s-injection-controller
  repository: https://grafana.github.io/helm-charts
  version: 0.2.1
digest: sha256:9cbb5045d18ed1ad666eb85942f2417288b759f05acb8c2b12a024dc690af9dd
generated: "2026-08-05T09:03:05.641457793Z"
